
Microsoft Visual Studio Solution File, Format Version 12.00
# Visual Studio Version 17
VisualStudioVersion = 17.5.002.0
MinimumVisualStudioVersion = 10.0.40219.1
Project("{9A19103F-16F7-4668-BE54-9A1E7A4F7556}") = "SiteContagem", "SiteContagem.csproj", "{60515AB4-BFC4-4A3D-B576-45ABFF1ADADC}"
EndProject
Global
	GlobalSection(SolutionConfigurationPlatforms) = preSolution
		Debug|Any CPU = Debug|Any CPU
		Release|Any CPU = Release|Any CPU
	EndGlobalSection
	GlobalSection(ProjectConfigurationPlatforms) = postSolution
		{60515AB4-BFC4-4A3D-B576-45ABFF1ADADC}.Debug|Any CPU.ActiveCfg = Debug|Any CPU
		{60515AB4-BFC4-4A3D-B576-45ABFF1ADADC}.Debug|Any CPU.Build.0 = Debug|Any CPU
		{60515AB4-BFC4-4A3D-B576-45ABFF1ADADC}.Release|Any CPU.ActiveCfg = Release|Any CPU
		{60515AB4-BFC4-4A3D-B576-45ABFF1ADADC}.Release|Any CPU.Build.0 = Release|Any CPU
	EndGlobalSection
	GlobalSection(SolutionProperties) = preSolution
		HideSolutionNode = FALSE
	EndGlobalSection
	GlobalSection(ExtensibilityGlobals) = postSolution
		SolutionGuid = {B4EB4C80-7078-41EC-8BEB-BDBEA7A6E78B}
	EndGlobalSection
EndGlobal
